
Microsoft Visual Studio Solution File, Format Version 12.00
# Visual Studio Version 17
VisualStudioVersion = 17.9.34714.143
MinimumVisualStudioVersion = 10.0.40219.1
Project("{FAE04EC0-301F-11D3-BF4B-00C04F79EFBC}") = "PanelControl", "PanelControl\PanelControl.csproj", "{C685D6F0-3E20-4FB5-AD90-1320AC0216A0}"
EndProject
Global
	GlobalSection(SolutionConfigurationPlatforms) = preSolution
		Debug|Any CPU = Debug|Any CPU
		Release|Any CPU = Release|Any CPU
	EndGlobalSection
	GlobalSection(ProjectConfigurationPlatforms) = postSolution
		{C685D6F0-3E20-4FB5-AD90-1320AC0216A0}.Debug|Any CPU.ActiveCfg = Debug|Any CPU
		{C685D6F0-3E20-4FB5-AD90-1320AC0216A0}.Debug|Any CPU.Build.0 = Debug|Any CPU
		{C685D6F0-3E20-4FB5-AD90-1320AC0216A0}.Release|Any CPU.ActiveCfg = Release|Any CPU
		{C685D6F0-3E20-4FB5-AD90-1320AC0216A0}.Release|Any CPU.Build.0 = Release|Any CPU
	EndGlobalSection
	GlobalSection(SolutionProperties) = preSolution
		HideSolutionNode = FALSE
	EndGlobalSection
	GlobalSection(ExtensibilityGlobals) = postSolution
		SolutionGuid = {E1C735AA-4FB6-452E-852C-27E4414F5389}
	EndGlobalSection
EndGlobal
